
Microsoft Visual Studio Solution File, Format Version 12.00
# Visual Studio Version 17
VisualStudioVersion = 17.11.35222.181
MinimumVisualStudioVersion = 10.0.40219.1
Project("{FAE04EC0-301F-11D3-BF4B-00C04F79EFBC}") = "Server", "Server.csproj", "{93E2836A-9DAD-40CA-8EA5-C993D5B81530}"
EndProject
Global
	GlobalSection(SolutionConfigurationPlatforms) = preSolution
		Debug|Any CPU = Debug|Any CPU
		Release|Any CPU = Release|Any CPU
	EndGlobalSection
	GlobalSection(ProjectConfigurationPlatforms) = postSolution
		{93E2836A-9DAD-40CA-8EA5-C993D5B81530}.Debug|Any CPU.ActiveCfg = Debug|Any CPU
		{93E2836A-9DAD-40CA-8EA5-C993D5B81530}.Debug|Any CPU.Build.0 = Debug|Any CPU
		{93E2836A-9DAD-40CA-8EA5-C993D5B81530}.Release|Any CPU.ActiveCfg = Release|Any CPU
		{93E2836A-9DAD-40CA-8EA5-C993D5B81530}.Release|Any CPU.Build.0 = Release|Any CPU
	EndGlobalSection
	GlobalSection(SolutionProperties) = preSolution
		HideSolutionNode = FALSE
	EndGlobalSection
	GlobalSection(ExtensibilityGlobals) = postSolution
		SolutionGuid = {345EB875-D949-4619-9656-2D8F0E3EF61D}
	EndGlobalSection
EndGlobal
