
Microsoft Visual Studio Solution File, Format Version 12.00
# Visual Studio Version 17
VisualStudioVersion = 17.11.35222.181
MinimumVisualStudioVersion = 10.0.40219.1
Project("{FAE04EC0-301F-11D3-BF4B-00C04F79EFBC}") = "Server.Tests", "Server.Tests.csproj", "{A07BF071-8A94-4F58-8D7E-3DFB8A97E634}"
EndProject
Global
	GlobalSection(SolutionConfigurationPlatforms) = preSolution
		Debug|Any CPU = Debug|Any CPU
		Release|Any CPU = Release|Any CPU
	EndGlobalSection
	GlobalSection(ProjectConfigurationPlatforms) = postSolution
		{A07BF071-8A94-4F58-8D7E-3DFB8A97E634}.Debug|Any CPU.ActiveCfg = Debug|Any CPU
		{A07BF071-8A94-4F58-8D7E-3DFB8A97E634}.Debug|Any CPU.Build.0 = Debug|Any CPU
		{A07BF071-8A94-4F58-8D7E-3DFB8A97E634}.Release|Any CPU.ActiveCfg = Release|Any CPU
		{A07BF071-8A94-4F58-8D7E-3DFB8A97E634}.Release|Any CPU.Build.0 = Release|Any CPU
	EndGlobalSection
	GlobalSection(SolutionProperties) = preSolution
		HideSolutionNode = FALSE
	EndGlobalSection
	GlobalSection(ExtensibilityGlobals) = postSolution
		SolutionGuid = {BFD0C6F9-D42C-4298-A9B3-612DA5753A00}
	EndGlobalSection
EndGlobal
